// !$*UTF8*$!
{
	archiveVersion = 1;
	classes = {
	};
	objectVersion = 46;
	objects = {

/* Begin PBXBuildFile section */
		0191A73EA5C4BDF28CF8807F /* AppDelegate.swift in Sources */ = {isa = PBXBuildFile; fileRef = ED7A7171A42B2184AF8FAF58 /* AppDelegate.swift */; };
		15F70E273733A4C9778465EA /* AEPAssurance in Frameworks */ = {isa = PBXBuildFile; productRef = 71C53DBA40AF1FB3C2EE5B61 /* AEPAssurance */; };
		178F96CE4E290D8748726F1A /* AEPCore in Frameworks */ = {isa = PBXBuildFile; productRef = B33F5B16A11F2BD630EBB740 /* AEPCore */; };
		1833D03E0B162212FBAFCE86 /* AEPCore in Frameworks */ = {isa = PBXBuildFile; productRef = 6D05144B88D94BDD1239C20A /* AEPCore */; };
		2353F2C1102BCFAC8F09F749 /* AEPEdgeConsent in Frameworks */ = {isa = PBXBuildFile; productRef = D80A60B086C86383C02BC2B3 /* AEPEdgeConsent */; };
		23A16160E4CFF7404E1D395C /* SceneDelegate.swift in Sources */ = {isa = PBXBuildFile; fileRef = 5F293F07EDB86B5F2AE9D2D5 /* SceneDelegate.swift */; };
		38B5A39E0DF1A54F338FAC5D /* Preview Assets.xcassets in Resources */ = {isa = PBXBuildFile; fileRef = 422459B1EEFD80E7460C6C78 /* Preview Assets.xcassets */; };
		3A2EB399F046E5ED6A9EDF4A /* Assets.xcassets in Resources */ = {isa = PBXBuildFile; fileRef = 33CD4B433EC97030CD4B0265 /* Assets.xcassets */; };
		3A5C6AC4B657CD21F703B1AE /* AEPEdgeConsent in Frameworks */ = {isa = PBXBuildFile; productRef = 0ED917683B269D40DEA05996 /* AEPEdgeConsent */; };
		4AEE8B188DDB42975165074E /* AppDelegate.swift in Sources */ = {isa = PBXBuildFile; fileRef = ED7A7171A42B2184AF8FAF58 /* AppDelegate.swift */; };
		58B6588139716C0E9EB22EEE /* Preview Assets.xcassets in Resources */ = {isa = PBXBuildFile; fileRef = 422459B1EEFD80E7460C6C78 /* Preview Assets.xcassets */; };
		87E30A87B2E7D37D27CB39CE /* AEPServices in Frameworks */ = {isa = PBXBuildFile; productRef = 043F66844FA195BD856A6312 /* AEPServices */; };
		929DE6BA5FF6405F3BA0034F /* AssuranceView.swift in Sources */ = {isa = PBXBuildFile; fileRef = 9788EFE7560259FA085932AF /* AssuranceView.swift */; };
		979F6C50722CC60490B34BFB /* Assets.xcassets in Resources */ = {isa = PBXBuildFile; fileRef = 33CD4B433EC97030CD4B0265 /* Assets.xcassets */; };
		A3D9D2C77A288BE4384603E7 /* AEPEdgeIdentity in Frameworks */ = {isa = PBXBuildFile; productRef = 3AE0EE2D437A45B2269904DC /* AEPEdgeIdentity */; };
		B35898036AC2EA75B00853FD /* AssuranceView.swift in Sources */ = {isa = PBXBuildFile; fileRef = 9788EFE7560259FA085932AF /* AssuranceView.swift */; };
		C194BA9E7C0DFC4555FFAADF /* ContentView.swift in Sources */ = {isa = PBXBuildFile; fileRef = F48F2CCB6AE4FC74D1627B59 /* ContentView.swift */; };
		D2E89A50A87B7454F68BCD73 /* AEPServices in Frameworks */ = {isa = PBXBuildFile; productRef = 745C49B084DC2E228E09A51F /* AEPServices */; };
		D30CDB61A8EAF2570C6A063E /* SceneDelegate.swift in Sources */ = {isa = PBXBuildFile; fileRef = 5F293F07EDB86B5F2AE9D2D5 /* SceneDelegate.swift */; };
		D8AEEEE347DA8A1A6FF98CF1 /* AEPEdgeIdentity in Frameworks */ = {isa = PBXBuildFile; productRef = FA50968B81BA97AEF5F4E80A /* AEPEdgeIdentity */; };
		DF40F25E16EEDCA28BF96BBC /* AEPEdge in Frameworks */ = {isa = PBXBuildFile; productRef = 996C463074E746E76CF090F1 /* AEPEdge */; };
		E283A0A9288894DB6B9E3C66 /* ContentView.swift in Sources */ = {isa = PBXBuildFile; fileRef = F48F2CCB6AE4FC74D1627B59 /* ContentView.swift */; };
		E310964569782A85532F94F3 /* AEPEdge in Frameworks */ = {isa = PBXBuildFile; productRef = 9676A02C03FFECBA9601CE74 /* AEPEdge */; };
		E56E72EEBD6612A3911490EF /* LaunchScreen.storyboard in Resources */ = {isa = PBXBuildFile; fileRef = E6BB425E72CF303C7D40E9CD /* LaunchScreen.storyboard */; };
		F6943A146D5F887FF69EA190 /* AEPAssurance in Frameworks */ = {isa = PBXBuildFile; productRef = B21337BEEB19535D27678870 /* AEPAssurance */; };
/* End PBXBuildFile section */

/* Begin PBXFileReference section */
		33CD4B433EC97030CD4B0265 /* Assets.xcassets */ = {isa = PBXFileReference; lastKnownFileType = folder.assetcatalog; path = Assets.xcassets; sourceTree = "<group>"; };
		3FDBA3BC4502D3C1D97DDDED /* TestAppiOS.app */ = {isa = PBXFileReference; explicitFileType = wrapper.application; includeInIndex = 0; path = TestAppiOS.app; sourceTree = BUILT_PRODUCTS_DIR; };
		422459B1EEFD80E7460C6C78 /* Preview Assets.xcassets */ = {isa = PBXFileReference; lastKnownFileType = folder.assetcatalog; path = "Preview Assets.xcassets"; sourceTree = "<group>"; };
		5F293F07EDB86B5F2AE9D2D5 /* SceneDelegate.swift */ = {isa = PBXFileReference; lastKnownFileType = sourcecode.swift; path = SceneDelegate.swift; sourceTree = "<group>"; };
		68FE8F989809913802B6B676 /* TestApptvOS.app */ = {isa = PBXFileReference; explicitFileType = wrapper.application; includeInIndex = 0; path = TestApptvOS.app; sourceTree = BUILT_PRODUCTS_DIR; };
		9788EFE7560259FA085932AF /* AssuranceView.swift */ = {isa = PBXFileReference; lastKnownFileType = sourcecode.swift; path = AssuranceView.swift; sourceTree = "<group>"; };
		BF41DC54B2E8FD8E5F7AF3FC /* Base */ = {isa = PBXFileReference; lastKnownFileType = file.storyboard; name = Base; path = Base.lproj/LaunchScreen.storyboard; sourceTree = "<group>"; };
		C2FAEDB08BE8955608F7EB8F /* Info.plist */ = {isa = PBXFileReference; lastKnownFileType = text.plist.xml; path = Info.plist; sourceTree = "<group>"; };
		ED7A7171A42B2184AF8FAF58 /* AppDelegate.swift */ = {isa = PBXFileReference; lastKnownFileType = sourcecode.swift; path = AppDelegate.swift; sourceTree = "<group>"; };
		F48F2CCB6AE4FC74D1627B59 /* ContentView.swift */ = {isa = PBXFileReference; lastKnownFileType = sourcecode.swift; path = ContentView.swift; sourceTree = "<group>"; };
/* End PBXFileReference section */

/* Begin PBXFrameworksBuildPhase section */
		2E5D579F53E02B49EA64BE50 /* Frameworks */ = {
			isa = PBXFrameworksBuildPhase;
			buildActionMask = 2147483647;
			files = (
				E310964569782A85532F94F3 /* AEPEdge in Frameworks */,
				178F96CE4E290D8748726F1A /* AEPCore in Frameworks */,
				87E30A87B2E7D37D27CB39CE /* AEPServices in Frameworks */,
				D8AEEEE347DA8A1A6FF98CF1 /* AEPEdgeIdentity in Frameworks */,
				3A5C6AC4B657CD21F703B1AE /* AEPEdgeConsent in Frameworks */,
				F6943A146D5F887FF69EA190 /* AEPAssurance in Frameworks */,
			);
			runOnlyForDeploymentPostprocessing = 0;
		};
		4A4B503B6451B3D17E13D8D8 /* Frameworks */ = {
			isa = PBXFrameworksBuildPhase;
			buildActionMask = 2147483647;
			files = (
				DF40F25E16EEDCA28BF96BBC /* AEPEdge in Frameworks */,
				1833D03E0B162212FBAFCE86 /* AEPCore in Frameworks */,
				D2E89A50A87B7454F68BCD73 /* AEPServices in Frameworks */,
				A3D9D2C77A288BE4384603E7 /* AEPEdgeIdentity in Frameworks */,
				2353F2C1102BCFAC8F09F749 /* AEPEdgeConsent in Frameworks */,
				15F70E273733A4C9778465EA /* AEPAssurance in Frameworks */,
			);
			runOnlyForDeploymentPostprocessing = 0;
		};
/* End PBXFrameworksBuildPhase section */

/* Begin PBXGroup section */
		2F0A6E8E0CA51AC5B7BD7512 = {
			isa = PBXGroup;
			children = (
				670EA0EF23B97D9CBDC61E78 /* Products */,
				468B6BD359B90C197B19F4D4 /* TestAppSwiftUI */,
			);
			sourceTree = "<group>";
		};
		468B6BD359B90C197B19F4D4 /* TestAppSwiftUI */ = {
			isa = PBXGroup;
			children = (
				ED7A7171A42B2184AF8FAF58 /* AppDelegate.swift */,
				5F293F07EDB86B5F2AE9D2D5 /* SceneDelegate.swift */,
				F48F2CCB6AE4FC74D1627B59 /* ContentView.swift */,
				33CD4B433EC97030CD4B0265 /* Assets.xcassets */,
				E6BB425E72CF303C7D40E9CD /* LaunchScreen.storyboard */,
				C2FAEDB08BE8955608F7EB8F /* Info.plist */,
				A36E4B9EF0802A18AE7B5081 /* Preview Content */,
				9788EFE7560259FA085932AF /* AssuranceView.swift */,
			);
			name = TestAppSwiftUI;
			path = .;
			sourceTree = "<group>";
		};
		670EA0EF23B97D9CBDC61E78 /* Products */ = {
			isa = PBXGroup;
			children = (
				3FDBA3BC4502D3C1D97DDDED /* TestAppiOS.app */,
				68FE8F989809913802B6B676 /* TestApptvOS.app */,
			);
			name = Products;
			sourceTree = "<group>";
		};
		A36E4B9EF0802A18AE7B5081 /* Preview Content */ = {
			isa = PBXGroup;
			children = (
				422459B1EEFD80E7460C6C78 /* Preview Assets.xcassets */,
			);
			path = "Preview Content";
			sourceTree = "<group>";
		};
/* End PBXGroup section */

/* Begin PBXNativeTarget section */
		2CC3D1A52005A19215755404 /* TestAppiOS */ = {
			isa = PBXNativeTarget;
			buildConfigurationList = B3E4E203527647BA7040D70C /* Build configuration list for PBXNativeTarget "TestAppiOS" */;
			buildPhases = (
				AC8EEFCDE0E757FFE5F92C29 /* Sources */,
				4A4B503B6451B3D17E13D8D8 /* Frameworks */,
				4930B241C2BD43BC5612A5BC /* Resources */,
			);
			buildRules = (
			);
			dependencies = (
			);
			name = TestAppiOS;
			packageProductDependencies = (
				996C463074E746E76CF090F1 /* AEPEdge */,
				6D05144B88D94BDD1239C20A /* AEPCore */,
				745C49B084DC2E228E09A51F /* AEPServices */,
				3AE0EE2D437A45B2269904DC /* AEPEdgeIdentity */,
				D80A60B086C86383C02BC2B3 /* AEPEdgeConsent */,
				71C53DBA40AF1FB3C2EE5B61 /* AEPAssurance */,
			);
			productName = TestAppiOS;
			productReference = 3FDBA3BC4502D3C1D97DDDED /* TestAppiOS.app */;
			productType = "com.apple.product-type.application";
		};
		7B88BBFC464FAAD42F850CC3 /* TestApptvOS */ = {
			isa = PBXNativeTarget;
			buildConfigurationList = DE7C139373DE9BA1AB96242E /* Build configuration list for PBXNativeTarget "TestApptvOS" */;
			buildPhases = (
				FCFD6ABF74F6FD6F03A970B6 /* Sources */,
				2E5D579F53E02B49EA64BE50 /* Frameworks */,
				BC22A62056C79971D5188002 /* Resources */,
			);
			buildRules = (
			);
			dependencies = (
			);
			name = TestApptvOS;
			packageProductDependencies = (
				9676A02C03FFECBA9601CE74 /* AEPEdge */,
				B33F5B16A11F2BD630EBB740 /* AEPCore */,
				043F66844FA195BD856A6312 /* AEPServices */,
				FA50968B81BA97AEF5F4E80A /* AEPEdgeIdentity */,
				0ED917683B269D40DEA05996 /* AEPEdgeConsent */,
				B21337BEEB19535D27678870 /* AEPAssurance */,
			);
			productName = TestApptvOS;
			productReference = 68FE8F989809913802B6B676 /* TestApptvOS.app */;
			productType = "com.apple.product-type.application";
		};
/* End PBXNativeTarget section */

/* Begin PBXProject section */
		66E7AA37C5D36C5011BCCFEC /* Project object */ = {
			isa = PBXProject;
			attributes = {
				LastSwiftUpdateCheck = 1420;
				LastUpgradeCheck = 1520;
			};
			buildConfigurationList = CD0EA5B736ECB8125E0DDADC /* Build configuration list for PBXProject "TestApp" */;
			compatibilityVersion = "Xcode 3.2";
			developmentRegion = en;
			hasScannedForEncodings = 0;
			knownRegions = (
				en,
				Base,
			);
			mainGroup = 2F0A6E8E0CA51AC5B7BD7512;
			minimizedProjectReferenceProxies = 0;
			packageReferences = (
				50A57F691E0DF83F1266AE93 /* XCLocalSwiftPackageReference ".." */,
				E02D63CEA388F11CA45CB604 /* XCRemoteSwiftPackageReference "aepsdk-core-ios" */,
				B09184149D7C27A84C884666 /* XCRemoteSwiftPackageReference "aepsdk-edgeidentity-ios" */,
				B97C77814623CB11069EE574 /* XCRemoteSwiftPackageReference "aepsdk-edgeconsent-ios" */,
				2E80D2C9625F2A7F1ECC1D5C /* XCRemoteSwiftPackageReference "aepsdk-assurance-ios" */,
			);
			preferredProjectObjectVersion = 100;
			productRefGroup = 670EA0EF23B97D9CBDC61E78 /* Products */;
			projectDirPath = "";
			projectRoot = "";
			targets = (
				2CC3D1A52005A19215755404 /* TestAppiOS */,
				7B88BBFC464FAAD42F850CC3 /* TestApptvOS */,
			);
		};
/* End PBXProject section */

/* Begin PBXResourcesBuildPhase section */
		4930B241C2BD43BC5612A5BC /* Resources */ = {
			isa = PBXResourcesBuildPhase;
			buildActionMask = 2147483647;
			files = (
				E56E72EEBD6612A3911490EF /* LaunchScreen.storyboard in Resources */,
				58B6588139716C0E9EB22EEE /* Preview Assets.xcassets in Resources */,
				3A2EB399F046E5ED6A9EDF4A /* Assets.xcassets in Resources */,
			);
			runOnlyForDeploymentPostprocessing = 0;
		};
		BC22A62056C79971D5188002 /* Resources */ = {
			isa = PBXResourcesBuildPhase;
			buildActionMask = 2147483647;
			files = (
				38B5A39E0DF1A54F338FAC5D /* Preview Assets.xcassets in Resources */,
				979F6C50722CC60490B34BFB /* Assets.xcassets in Resources */,
			);
			runOnlyForDeploymentPostprocessing = 0;
		};
/* End PBXResourcesBuildPhase section */

/* Begin PBXSourcesBuildPhase section */
		AC8EEFCDE0E757FFE5F92C29 /* Sources */ = {
			isa = PBXSourcesBuildPhase;
			buildActionMask = 2147483647;
			files = (
				4AEE8B188DDB42975165074E /* AppDelegate.swift in Sources */,
				D30CDB61A8EAF2570C6A063E /* SceneDelegate.swift in Sources */,
				929DE6BA5FF6405F3BA0034F /* AssuranceView.swift in Sources */,
				C194BA9E7C0DFC4555FFAADF /* ContentView.swift in Sources */,
			);
			runOnlyForDeploymentPostprocessing = 0;
		};
		FCFD6ABF74F6FD6F03A970B6 /* Sources */ = {
			isa = PBXSourcesBuildPhase;
			buildActionMask = 2147483647;
			files = (
				0191A73EA5C4BDF28CF8807F /* AppDelegate.swift in Sources */,
				23A16160E4CFF7404E1D395C /* SceneDelegate.swift in Sources */,
				B35898036AC2EA75B00853FD /* AssuranceView.swift in Sources */,
				E283A0A9288894DB6B9E3C66 /* ContentView.swift in Sources */,
			);
			runOnlyForDeploymentPostprocessing = 0;
		};
/* End PBXSourcesBuildPhase section */

/* Begin PBXVariantGroup section */
		E6BB425E72CF303C7D40E9CD /* LaunchScreen.storyboard */ = {
			isa = PBXVariantGroup;
			children = (
				BF41DC54B2E8FD8E5F7AF3FC /* Base */,
			);
			name = LaunchScreen.storyboard;
			sourceTree = "<group>";
		};
/* End PBXVariantGroup section */

/* Begin XCBuildConfiguration section */
		163C3B932EB217EA18DCF3DE /* Release */ = {
			isa = XCBuildConfiguration;
			buildSettings = {
				ASSETCATALOG_COMPILER_APPICON_NAME = AppIcon;
				BUNDLE_LOADER = "";
				CODE_SIGN_STYLE = Automatic;
				DEVELOPMENT_ASSET_PATHS = "\"Preview Content\"";
				DEVELOPMENT_TEAM = FKGEE875K4;
				ENABLE_PREVIEWS = YES;
				GCC_NO_COMMON_BLOCKS = NO;
				INFOPLIST_FILE = Info.plist;
				IPHONEOS_DEPLOYMENT_TARGET = 13.0;
				LD_RUNPATH_SEARCH_PATHS = "$(inherited) @executable_path/Frameworks";
				OTHER_LDFLAGS = "$(inherited)";
				PRODUCT_BUNDLE_IDENTIFIER = com.adobe.aep.edge.TestAppSwiftUI;
				PRODUCT_NAME = "$(TARGET_NAME)";
				SUPPORTED_PLATFORMS = "iphoneos iphonesimulator";
				SUPPORTS_MACCATALYST = NO;
				SUPPORTS_MAC_DESIGNED_FOR_IPHONE_IPAD = NO;
				SUPPORTS_XR_DESIGNED_FOR_IPHONE_IPAD = NO;
				SWIFT_VERSION = 5.0;
				TARGETED_DEVICE_FAMILY = "1,2";
				TVOS_DEPLOYMENT_TARGET = 13.0;
			};
			name = Release;
		};
		5EC4E4676B305DCD1893CEA4 /* Release */ = {
			isa = XCBuildConfiguration;
			buildSettings = {
				ALWAYS_SEARCH_USER_PATHS = NO;
				CLANG_ALLOW_NON_MODULAR_INCLUDES_IN_FRAMEWORK_MODULES = NO;
				CLANG_ANALYZER_NONNULL = YES;
				CLANG_ANALYZER_NUMBER_OBJECT_CONVERSION = YES_AGGRESSIVE;
				CLANG_CXX_LANGUAGE_STANDARD = "gnu++14";
				CLANG_CXX_LIBRARY = "libc++";
				CLANG_ENABLE_MODULES = YES;
				CLANG_ENABLE_OBJC_ARC = YES;
				CLANG_ENABLE_OBJC_WEAK = YES;
				CLANG_WARN_BLOCK_CAPTURE_AUTORELEASING = YES;
				CLANG_WARN_BOOL_CONVERSION = YES;
				CLANG_WARN_COMMA = YES;
				CLANG_WARN_CONSTANT_CONVERSION = YES;
				CLANG_WARN_DEPRECATED_OBJC_IMPLEMENTATIONS = YES;
				CLANG_WARN_DIRECT_OBJC_ISA_USAGE = YES_ERROR;
				CLANG_WARN_DOCUMENTATION_COMMENTS = YES;
				CLANG_WARN_EMPTY_BODY = YES;
				CLANG_WARN_ENUM_CONVERSION = YES;
				CLANG_WARN_INFINITE_RECURSION = YES;
				CLANG_WARN_INT_CONVERSION = YES;
				CLANG_WARN_NON_LITERAL_NULL_CONVERSION = YES;
				CLANG_WARN_OBJC_IMPLICIT_RETAIN_SELF = YES;
				CLANG_WARN_OBJC_LITERAL_CONVERSION = YES;
				CLANG_WARN_OBJC_ROOT_CLASS = YES_ERROR;
				CLANG_WARN_RANGE_LOOP_ANALYSIS = YES;
				CLANG_WARN_STRICT_PROTOTYPES = YES;
				CLANG_WARN_SUSPICIOUS_MOVE = YES;
				CLANG_WARN_UNGUARDED_AVAILABILITY = YES_AGGRESSIVE;
				CLANG_WARN_UNREACHABLE_CODE = YES;
				CLANG_WARN__DUPLICATE_METHOD_MATCH = YES;
				COPY_PHASE_STRIP = NO;
				DEBUG_INFORMATION_FORMAT = "dwarf-with-dsym";
				ENABLE_NS_ASSERTIONS = NO;
				ENABLE_STRICT_OBJC_MSGSEND = YES;
				GCC_C_LANGUAGE_STANDARD = gnu11;
				GCC_NO_COMMON_BLOCKS = YES;
				GCC_WARN_64_TO_32_BIT_CONVERSION = YES;
				GCC_WARN_ABOUT_RETURN_TYPE = YES_ERROR;
				GCC_WARN_UNDECLARED_SELECTOR = YES;
				GCC_WARN_UNINITIALIZED_AUTOS = YES_AGGRESSIVE;
				GCC_WARN_UNUSED_FUNCTION = YES;
				GCC_WARN_UNUSED_VARIABLE = YES;
				IPHONEOS_DEPLOYMENT_TARGET = 12.0;
				MTL_ENABLE_DEBUG_INFO = NO;
				MTL_FAST_MATH = YES;
				SDKROOT = iphoneos;
				SWIFT_COMPILATION_MODE = wholemodule;
				SWIFT_OPTIMIZATION_LEVEL = "-O";
				TVOS_DEPLOYMENT_TARGET = 12.0;
				VALIDATE_PRODUCT = YES;
			};
			name = Release;
		};
		81817010807B607D259366CB /* Release */ = {
			isa = XCBuildConfiguration;
			buildSettings = {
				ALWAYS_EMBED_SWIFT_STANDARD_LIBRARIES = "$(inherited)";
				ASSETCATALOG_COMPILER_APPICON_NAME = AppIcon;
				BUNDLE_LOADER = "";
				CODE_SIGN_STYLE = Automatic;
				DEVELOPMENT_ASSET_PATHS = "\"Preview Content\"";
				DEVELOPMENT_TEAM = FKGEE875K4;
				ENABLE_PREVIEWS = YES;
				GCC_NO_COMMON_BLOCKS = NO;
				INFOPLIST_FILE = Info.plist;
				IPHONEOS_DEPLOYMENT_TARGET = 13.0;
				LD_RUNPATH_SEARCH_PATHS = "$(inherited) @executable_path/Frameworks";
				OTHER_LDFLAGS = "$(inherited)";
				PRODUCT_BUNDLE_IDENTIFIER = com.adobe.aep.edge.TestAppSwiftUI;
				PRODUCT_NAME = "$(TARGET_NAME)";
				SDKROOT = appletvos;
				SUPPORTED_PLATFORMS = "appletvsimulator appletvos";
				SWIFT_VERSION = 5.0;
				TARGETED_DEVICE_FAMILY = 3;
				TVOS_DEPLOYMENT_TARGET = 13.0;
			};
			name = Release;
		};
		C99A25808D47A080611E9AFF /* Debug */ = {
			isa = XCBuildConfiguration;
			buildSettings = {
				ALWAYS_EMBED_SWIFT_STANDARD_LIBRARIES = "$(inherited)";
				ASSETCATALOG_COMPILER_APPICON_NAME = AppIcon;
				BUNDLE_LOADER = "";
				CODE_SIGN_STYLE = Automatic;
				DEVELOPMENT_ASSET_PATHS = "\"Preview Content\"";
				DEVELOPMENT_TEAM = FKGEE875K4;
				ENABLE_PREVIEWS = YES;
				GCC_NO_COMMON_BLOCKS = NO;
				INFOPLIST_FILE = Info.plist;
				IPHONEOS_DEPLOYMENT_TARGET = 13.0;
				LD_RUNPATH_SEARCH_PATHS = "$(inherited) @executable_path/Frameworks";
				OTHER_LDFLAGS = "$(inherited)";
				PRODUCT_BUNDLE_IDENTIFIER = com.adobe.aep.edge.TestAppSwiftUI;
				PRODUCT_NAME = "$(TARGET_NAME)";
				SDKROOT = appletvos;
				SUPPORTED_PLATFORMS = "appletvsimulator appletvos";
				SWIFT_VERSION = 5.0;
				TARGETED_DEVICE_FAMILY = 3;
				TVOS_DEPLOYMENT_TARGET = 13.0;
			};
			name = Debug;
		};
		E741822C1051D97D05FFB891 /* Debug */ = {
			isa = XCBuildConfiguration;
			buildSettings = {
				ASSETCATALOG_COMPILER_APPICON_NAME = AppIcon;
				BUNDLE_LOADER = "";
				CODE_SIGN_STYLE = Automatic;
				DEVELOPMENT_ASSET_PATHS = "\"Preview Content\"";
				DEVELOPMENT_TEAM = FKGEE875K4;
				ENABLE_PREVIEWS = YES;
				GCC_NO_COMMON_BLOCKS = NO;
				INFOPLIST_FILE = Info.plist;
				IPHONEOS_DEPLOYMENT_TARGET = 13.0;
				LD_RUNPATH_SEARCH_PATHS = "$(inherited) @executable_path/Frameworks";
				OTHER_LDFLAGS = "$(inherited)";
				PRODUCT_BUNDLE_IDENTIFIER = com.adobe.aep.edge.TestAppSwiftUI;
				PRODUCT_NAME = "$(TARGET_NAME)";
				SUPPORTED_PLATFORMS = "iphoneos iphonesimulator";
				SUPPORTS_MACCATALYST = NO;
				SUPPORTS_MAC_DESIGNED_FOR_IPHONE_IPAD = NO;
				SUPPORTS_XR_DESIGNED_FOR_IPHONE_IPAD = NO;
				SWIFT_VERSION = 5.0;
				TARGETED_DEVICE_FAMILY = "1,2";
				TVOS_DEPLOYMENT_TARGET = 13.0;
			};
			name = Debug;
		};
		EABA39EC3058C630CAD84682 /* Debug */ = {
			isa = XCBuildConfiguration;
			buildSettings = {
				ALWAYS_SEARCH_USER_PATHS = NO;
				CLANG_ALLOW_NON_MODULAR_INCLUDES_IN_FRAMEWORK_MODULES = NO;
				CLANG_ANALYZER_NONNULL = YES;
				CLANG_ANALYZER_NUMBER_OBJECT_CONVERSION = YES_AGGRESSIVE;
				CLANG_CXX_LANGUAGE_STANDARD = "gnu++14";
				CLANG_CXX_LIBRARY = "libc++";
				CLANG_ENABLE_MODULES = YES;
				CLANG_ENABLE_OBJC_ARC = YES;
				CLANG_ENABLE_OBJC_WEAK = YES;
				CLANG_WARN_BLOCK_CAPTURE_AUTORELEASING = YES;
				CLANG_WARN_BOOL_CONVERSION = YES;
				CLANG_WARN_COMMA = YES;
				CLANG_WARN_CONSTANT_CONVERSION = YES;
				CLANG_WARN_DEPRECATED_OBJC_IMPLEMENTATIONS = YES;
				CLANG_WARN_DIRECT_OBJC_ISA_USAGE = YES_ERROR;
				CLANG_WARN_DOCUMENTATION_COMMENTS = YES;
				CLANG_WARN_EMPTY_BODY = YES;
				CLANG_WARN_ENUM_CONVERSION = YES;
				CLANG_WARN_INFINITE_RECURSION = YES;
				CLANG_WARN_INT_CONVERSION = YES;
				CLANG_WARN_NON_LITERAL_NULL_CONVERSION = YES;
				CLANG_WARN_OBJC_IMPLICIT_RETAIN_SELF = YES;
				CLANG_WARN_OBJC_LITERAL_CONVERSION = YES;
				CLANG_WARN_OBJC_ROOT_CLASS = YES_ERROR;
				CLANG_WARN_RANGE_LOOP_ANALYSIS = YES;
				CLANG_WARN_STRICT_PROTOTYPES = YES;
				CLANG_WARN_SUSPICIOUS_MOVE = YES;
				CLANG_WARN_UNGUARDED_AVAILABILITY = YES_AGGRESSIVE;
				CLANG_WARN_UNREACHABLE_CODE = YES;
				CLANG_WARN__DUPLICATE_METHOD_MATCH = YES;
				COPY_PHASE_STRIP = NO;
				DEBUG_INFORMATION_FORMAT = dwarf;
				ENABLE_STRICT_OBJC_MSGSEND = YES;
				ENABLE_TESTABILITY = YES;
				GCC_C_LANGUAGE_STANDARD = gnu11;
				GCC_DYNAMIC_NO_PIC = NO;
				GCC_NO_COMMON_BLOCKS = YES;
				GCC_OPTIMIZATION_LEVEL = 0;
				GCC_PREPROCESSOR_DEFINITIONS = (
					"DEBUG=1",
					"$(inherited)",
				);
				GCC_WARN_64_TO_32_BIT_CONVERSION = YES;
				GCC_WARN_ABOUT_RETURN_TYPE = YES_ERROR;
				GCC_WARN_UNDECLARED_SELECTOR = YES;
				GCC_WARN_UNINITIALIZED_AUTOS = YES_AGGRESSIVE;
				GCC_WARN_UNUSED_FUNCTION = YES;
				GCC_WARN_UNUSED_VARIABLE = YES;
				IPHONEOS_DEPLOYMENT_TARGET = 12.0;
				MTL_ENABLE_DEBUG_INFO = INCLUDE_SOURCE;
				MTL_FAST_MATH = YES;
				ONLY_ACTIVE_ARCH = YES;
				SDKROOT = iphoneos;
				SWIFT_ACTIVE_COMPILATION_CONDITIONS = DEBUG;
				SWIFT_OPTIMIZATION_LEVEL = "-Onone";
				TVOS_DEPLOYMENT_TARGET = 12.0;
			};
			name = Debug;
		};
/* End XCBuildConfiguration section */

/* Begin XCConfigurationList section */
		B3E4E203527647BA7040D70C /* Build configuration list for PBXNativeTarget "TestAppiOS" */ = {
			isa = XCConfigurationList;
			buildConfigurations = (
				163C3B932EB217EA18DCF3DE /* Release */,
				E741822C1051D97D05FFB891 /* Debug */,
			);
			defaultConfigurationIsVisible = 0;
			defaultConfigurationName = Release;
		};
		CD0EA5B736ECB8125E0DDADC /* Build configuration list for PBXProject "TestApp" */ = {
			isa = XCConfigurationList;
			buildConfigurations = (
				EABA39EC3058C630CAD84682 /* Debug */,
				5EC4E4676B305DCD1893CEA4 /* Release */,
			);
			defaultConfigurationIsVisible = 0;
			defaultConfigurationName = Release;
		};
		DE7C139373DE9BA1AB96242E /* Build configuration list for PBXNativeTarget "TestApptvOS" */ = {
			isa = XCConfigurationList;
			buildConfigurations = (
				81817010807B607D259366CB /* Release */,
				C99A25808D47A080611E9AFF /* Debug */,
			);
			defaultConfigurationIsVisible = 0;
			defaultConfigurationName = Release;
		};
/* End XCConfigurationList section */

/* Begin XCLocalSwiftPackageReference section */
		50A57F691E0DF83F1266AE93 /* XCLocalSwiftPackageReference ".." */ = {
			isa = XCLocalSwiftPackageReference;
			relativePath = ../..;
		};
/* End XCLocalSwiftPackageReference section */

/* Begin XCRemoteSwiftPackageReference section */
		2E80D2C9625F2A7F1ECC1D5C /* XCRemoteSwiftPackageReference "aepsdk-assurance-ios" */ = {
			isa = XCRemoteSwiftPackageReference;
			repositoryURL = "https://github.com/adobe/aepsdk-assurance-ios.git";
			requirement = {
				kind = upToNextMajorVersion;
				minimumVersion = 5.0.3;
			};
		};
		B09184149D7C27A84C884666 /* XCRemoteSwiftPackageReference "aepsdk-edgeidentity-ios" */ = {
			isa = XCRemoteSwiftPackageReference;
			repositoryURL = "https://github.com/adobe/aepsdk-edgeidentity-ios.git";
			requirement = {
				kind = upToNextMajorVersion;
				minimumVersion = 5.1.0;
			};
		};
		B97C77814623CB11069EE574 /* XCRemoteSwiftPackageReference "aepsdk-edgeconsent-ios" */ = {
			isa = XCRemoteSwiftPackageReference;
			repositoryURL = "https://github.com/adobe/aepsdk-edgeconsent-ios.git";
			requirement = {
				kind = upToNextMajorVersion;
				minimumVersion = 5.0.2;
			};
		};
		E02D63CEA388F11CA45CB604 /* XCRemoteSwiftPackageReference "aepsdk-core-ios" */ = {
			isa = XCRemoteSwiftPackageReference;
			repositoryURL = "https://github.com/adobe/aepsdk-core-ios.git";
			requirement = {
				kind = upToNextMajorVersion;
				minimumVersion = 5.12.1;
			};
		};
/* End XCRemoteSwiftPackageReference section */

/* Begin XCSwiftPackageProductDependency section */
		043F66844FA195BD856A6312 /* AEPServices */ = {
			isa = XCSwiftPackageProductDependency;
			package = E02D63CEA388F11CA45CB604 /* XCRemoteSwiftPackageReference "aepsdk-core-ios" */;
			productName = AEPServices;
		};
		0ED917683B269D40DEA05996 /* AEPEdgeConsent */ = {
			isa = XCSwiftPackageProductDependency;
			package = B97C77814623CB11069EE574 /* XCRemoteSwiftPackageReference "aepsdk-edgeconsent-ios" */;
			productName = AEPEdgeConsent;
		};
		3AE0EE2D437A45B2269904DC /* AEPEdgeIdentity */ = {
			isa = XCSwiftPackageProductDependency;
			package = B09184149D7C27A84C884666 /* XCRemoteSwiftPackageReference "aepsdk-edgeidentity-ios" */;
			productName = AEPEdgeIdentity;
		};
		6D05144B88D94BDD1239C20A /* AEPCore */ = {
			isa = XCSwiftPackageProductDependency;
			package = E02D63CEA388F11CA45CB604 /* XCRemoteSwiftPackageReference "aepsdk-core-ios" */;
			productName = AEPCore;
		};
		71C53DBA40AF1FB3C2EE5B61 /* AEPAssurance */ = {
			isa = XCSwiftPackageProductDependency;
			package = 2E80D2C9625F2A7F1ECC1D5C /* XCRemoteSwiftPackageReference "aepsdk-assurance-ios" */;
			productName = AEPAssurance;
		};
		745C49B084DC2E228E09A51F /* AEPServices */ = {
			isa = XCSwiftPackageProductDependency;
			package = E02D63CEA388F11CA45CB604 /* XCRemoteSwiftPackageReference "aepsdk-core-ios" */;
			productName = AEPServices;
		};
		9676A02C03FFECBA9601CE74 /* AEPEdge */ = {
			isa = XCSwiftPackageProductDependency;
			package = 50A57F691E0DF83F1266AE93 /* XCLocalSwiftPackageReference ".." */;
			productName = AEPEdge;
		};
		996C463074E746E76CF090F1 /* AEPEdge */ = {
			isa = XCSwiftPackageProductDependency;
			package = 50A57F691E0DF83F1266AE93 /* XCLocalSwiftPackageReference ".." */;
			productName = AEPEdge;
		};
		B21337BEEB19535D27678870 /* AEPAssurance */ = {
			isa = XCSwiftPackageProductDependency;
			package = 2E80D2C9625F2A7F1ECC1D5C /* XCRemoteSwiftPackageReference "aepsdk-assurance-ios" */;
			productName = AEPAssurance;
		};
		B33F5B16A11F2BD630EBB740 /* AEPCore */ = {
			isa = XCSwiftPackageProductDependency;
			package = E02D63CEA388F11CA45CB604 /* XCRemoteSwiftPackageReference "aepsdk-core-ios" */;
			productName = AEPCore;
		};
		D80A60B086C86383C02BC2B3 /* AEPEdgeConsent */ = {
			isa = XCSwiftPackageProductDependency;
			package = B97C77814623CB11069EE574 /* XCRemoteSwiftPackageReference "aepsdk-edgeconsent-ios" */;
			productName = AEPEdgeConsent;
		};
		FA50968B81BA97AEF5F4E80A /* AEPEdgeIdentity */ = {
			isa = XCSwiftPackageProductDependency;
			package = B09184149D7C27A84C884666 /* XCRemoteSwiftPackageReference "aepsdk-edgeidentity-ios" */;
			productName = AEPEdgeIdentity;
		};
/* End XCSwiftPackageProductDependency section */
	};
	rootObject = 66E7AA37C5D36C5011BCCFEC /* Project object */;
}
